
Microsoft Visual Studio Solution File, Format Version 12.00
# Visual Studio Version 16
VisualStudioVersion = 16.0.29311.281
MinimumVisualStudioVersion = 10.0.40219.1
Project("{FAE04EC0-301F-11D3-BF4B-00C04F79EFBC}") = "RoomVoiceControl.Android", "RoomVoiceControl\RoomVoiceControl.Android\RoomVoiceControl.Android.csproj", "{15A307DC-103E-47B2-B4DC-C85A57E98B7F}"
EndProject
Project("{FAE04EC0-301F-11D3-BF4B-00C04F79EFBC}") = "RoomVoiceControl.iOS", "RoomVoiceControl\RoomVoiceControl.iOS\RoomVoiceControl.iOS.csproj", "{17AAF5EE-52DE-428D-AB73-87C6A67D6E76}"
EndProject
Project("{FAE04EC0-301F-11D3-BF4B-00C04F79EFBC}") = "RoomVoiceControl", "RoomVoiceControl\RoomVoiceControl\RoomVoiceControl.csproj", "{4A226AD5-09AE-4D3B-9EDF-C1546C9C3C33}"
EndProject
Global
	GlobalSection(SolutionConfigurationPlatforms) = preSolution
		Debug|Any CPU = Debug|Any CPU
		Debug|iPhone = Debug|iPhone
		Debug|iPhoneSimulator = Debug|iPhoneSimulator
		Release|Any CPU = Release|Any CPU
		Release|iPhone = Release|iPhone
		Release|iPhoneSimulator = Release|iPhoneSimulator
	EndGlobalSection
	GlobalSection(ProjectConfigurationPlatforms) = postSolution
		{15A307DC-103E-47B2-B4DC-C85A57E98B7F}.Debug|Any CPU.ActiveCfg = Debug|Any CPU
		{15A307DC-103E-47B2-B4DC-C85A57E98B7F}.Debug|Any CPU.Build.0 = Debug|Any CPU
		{15A307DC-103E-47B2-B4DC-C85A57E98B7F}.Debug|Any CPU.Deploy.0 = Debug|Any CPU
		{15A307DC-103E-47B2-B4DC-C85A57E98B7F}.Debug|iPhone.ActiveCfg = Debug|Any CPU
		{15A307DC-103E-47B2-B4DC-C85A57E98B7F}.Debug|iPhone.Build.0 = Debug|Any CPU
		{15A307DC-103E-47B2-B4DC-C85A57E98B7F}.Debug|iPhone.Deploy.0 = Debug|Any CPU
		{15A307DC-103E-47B2-B4DC-C85A57E98B7F}.Debug|iPhoneSimulator.ActiveCfg = Debug|Any CPU
		{15A307DC-103E-47B2-B4DC-C85A57E98B7F}.Debug|iPhoneSimulator.Build.0 = Debug|Any CPU
		{15A307DC-103E-47B2-B4DC-C85A57E98B7F}.Debug|iPhoneSimulator.Deploy.0 = Debug|Any CPU
		{15A307DC-103E-47B2-B4DC-C85A57E98B7F}.Release|Any CPU.ActiveCfg = Release|Any CPU
		{15A307DC-103E-47B2-B4DC-C85A57E98B7F}.Release|Any CPU.Build.0 = Release|Any CPU
		{15A307DC-103E-47B2-B4DC-C85A57E98B7F}.Release|Any CPU.Deploy.0 = Release|Any CPU
		{15A307DC-103E-47B2-B4DC-C85A57E98B7F}.Release|iPhone.ActiveCfg = Release|Any CPU
		{15A307DC-103E-47B2-B4DC-C85A57E98B7F}.Release|iPhone.Build.0 = Release|Any CPU
		{15A307DC-103E-47B2-B4DC-C85A57E98B7F}.Release|iPhone.Deploy.0 = Release|Any CPU
		{15A307DC-103E-47B2-B4DC-C85A57E98B7F}.Release|iPhoneSimulator.ActiveCfg = Release|Any CPU
		{15A307DC-103E-47B2-B4DC-C85A57E98B7F}.Release|iPhoneSimulator.Build.0 = Release|Any CPU
		{15A307DC-103E-47B2-B4DC-C85A57E98B7F}.Release|iPhoneSimulator.Deploy.0 = Release|Any CPU
		{17AAF5EE-52DE-428D-AB73-87C6A67D6E76}.Debug|Any CPU.ActiveCfg = Debug|iPhoneSimulator
		{17AAF5EE-52DE-428D-AB73-87C6A67D6E76}.Debug|Any CPU.Build.0 = Debug|iPhoneSimulator
		{17AAF5EE-52DE-428D-AB73-87C6A67D6E76}.Debug|Any CPU.Deploy.0 = Debug|iPhoneSimulator
		{17AAF5EE-52DE-428D-AB73-87C6A67D6E76}.Debug|iPhone.ActiveCfg = Debug|iPhone
		{17AAF5EE-52DE-428D-AB73-87C6A67D6E76}.Debug|iPhone.Build.0 = Debug|iPhone
		{17AAF5EE-52DE-428D-AB73-87C6A67D6E76}.Debug|iPhone.Deploy.0 = Debug|iPhone
		{17AAF5EE-52DE-428D-AB73-87C6A67D6E76}.Debug|iPhoneSimulator.ActiveCfg = Debug|iPhoneSimulator
		{17AAF5EE-52DE-428D-AB73-87C6A67D6E76}.Debug|iPhoneSimulator.Build.0 = Debug|iPhoneSimulator
		{17AAF5EE-52DE-428D-AB73-87C6A67D6E76}.Debug|iPhoneSimulator.Deploy.0 = Debug|iPhoneSimulator
		{17AAF5EE-52DE-428D-AB73-87C6A67D6E76}.Release|Any CPU.ActiveCfg = Release|iPhone
		{17AAF5EE-52DE-428D-AB73-87C6A67D6E76}.Release|Any CPU.Build.0 = Release|iPhone
		{17AAF5EE-52DE-428D-AB73-87C6A67D6E76}.Release|Any CPU.Deploy.0 = Release|iPhone
		{17AAF5EE-52DE-428D-AB73-87C6A67D6E76}.Release|iPhone.ActiveCfg = Release|iPhone
		{17AAF5EE-52DE-428D-AB73-87C6A67D6E76}.Release|iPhone.Build.0 = Release|iPhone
		{17AAF5EE-52DE-428D-AB73-87C6A67D6E76}.Release|iPhone.Deploy.0 = Release|iPhone
		{17AAF5EE-52DE-428D-AB73-87C6A67D6E76}.Release|iPhoneSimulator.ActiveCfg = Release|iPhoneSimulator
		{17AAF5EE-52DE-428D-AB73-87C6A67D6E76}.Release|iPhoneSimulator.Build.0 = Release|iPhoneSimulator
		{17AAF5EE-52DE-428D-AB73-87C6A67D6E76}.Release|iPhoneSimulator.Deploy.0 = Release|iPhoneSimulator
		{4A226AD5-09AE-4D3B-9EDF-C1546C9C3C33}.Debug|Any CPU.ActiveCfg = Debug|Any CPU
		{4A226AD5-09AE-4D3B-9EDF-C1546C9C3C33}.Debug|Any CPU.Build.0 = Debug|Any CPU
		{4A226AD5-09AE-4D3B-9EDF-C1546C9C3C33}.Debug|Any CPU.Deploy.0 = Debug|Any CPU
		{4A226AD5-09AE-4D3B-9EDF-C1546C9C3C33}.Debug|iPhone.ActiveCfg = Debug|Any CPU
		{4A226AD5-09AE-4D3B-9EDF-C1546C9C3C33}.Debug|iPhone.Build.0 = Debug|Any CPU
		{4A226AD5-09AE-4D3B-9EDF-C1546C9C3C33}.Debug|iPhone.Deploy.0 = Debug|Any CPU
		{4A226AD5-09AE-4D3B-9EDF-C1546C9C3C33}.Debug|iPhoneSimulator.ActiveCfg = Debug|Any CPU
		{4A226AD5-09AE-4D3B-9EDF-C1546C9C3C33}.Debug|iPhoneSimulator.Build.0 = Debug|Any CPU
		{4A226AD5-09AE-4D3B-9EDF-C1546C9C3C33}.Debug|iPhoneSimulator.Deploy.0 = Debug|Any CPU
		{4A226AD5-09AE-4D3B-9EDF-C1546C9C3C33}.Release|Any CPU.ActiveCfg = Release|Any CPU
		{4A226AD5-09AE-4D3B-9EDF-C1546C9C3C33}.Release|Any CPU.Build.0 = Release|Any CPU
		{4A226AD5-09AE-4D3B-9EDF-C1546C9C3C33}.Release|Any CPU.Deploy.0 = Release|Any CPU
		{4A226AD5-09AE-4D3B-9EDF-C1546C9C3C33}.Release|iPhone.ActiveCfg = Release|Any CPU
		{4A226AD5-09AE-4D3B-9EDF-C1546C9C3C33}.Release|iPhone.Build.0 = Release|Any CPU
		{4A226AD5-09AE-4D3B-9EDF-C1546C9C3C33}.Release|iPhone.Deploy.0 = Release|Any CPU
		{4A226AD5-09AE-4D3B-9EDF-C1546C9C3C33}.Release|iPhoneSimulator.ActiveCfg = Release|Any CPU
		{4A226AD5-09AE-4D3B-9EDF-C1546C9C3C33}.Release|iPhoneSimulator.Build.0 = Release|Any CPU
		{4A226AD5-09AE-4D3B-9EDF-C1546C9C3C33}.Release|iPhoneSimulator.Deploy.0 = Release|Any CPU
	EndGlobalSection
	GlobalSection(SolutionProperties) = preSolution
		HideSolutionNode = FALSE
	EndGlobalSection
	GlobalSection(ExtensibilityGlobals) = postSolution
		SolutionGuid = {33DEC9AB-E0E3-47DE-99E4-925732FAF8BB}
	EndGlobalSection
EndGlobal
